
Microsoft Visual Studio Solution File, Format Version 12.00
# Visual Studio Version 17
VisualStudioVersion = 17.0.32014.148
MinimumVisualStudioVersion = 10.0.40219.1
Project("{FAE04EC0-301F-11D3-BF4B-00C04F79EFBC}") = "LegitHttpServer", "LegitHttpServer.csproj", "{319F5F79-2751-4052-97D7-FBF3630E93FF}"
EndProject
Global
	GlobalSection(SolutionConfigurationPlatforms) = preSolution
		Debug|Any CPU = Debug|Any CPU
		Release|Any CPU = Release|Any CPU
	EndGlobalSection
	GlobalSection(ProjectConfigurationPlatforms) = postSolution
		{319F5F79-2751-4052-97D7-FBF3630E93FF}.Debug|Any CPU.ActiveCfg = Debug|Any CPU
		{319F5F79-2751-4052-97D7-FBF3630E93FF}.Debug|Any CPU.Build.0 = Debug|Any CPU
		{319F5F79-2751-4052-97D7-FBF3630E93FF}.Release|Any CPU.ActiveCfg = Release|Any CPU
		{319F5F79-2751-4052-97D7-FBF3630E93FF}.Release|Any CPU.Build.0 = Release|Any CPU
	EndGlobalSection
	GlobalSection(SolutionProperties) = preSolution
		HideSolutionNode = FALSE
	EndGlobalSection
	GlobalSection(ExtensibilityGlobals) = postSolution
		SolutionGuid = {688788C1-498D-4C16-9F5F-D75BA18FB970}
	EndGlobalSection
EndGlobal
